// !$*UTF8*$!
{
	archiveVersion = 1;
	classes = {
	};
	objectVersion = 46;
	objects = {

/* Begin PBXBuildFile section */
		145436A11F6656C900C618C4 /* AppDelegate.swift in Sources */ = {isa = PBXBuildFile; fileRef = 145436A01F6656C900C618C4 /* AppDelegate.swift */; };
		145436A31F6656C900C618C4 /* ViewController.swift in Sources */ = {isa = PBXBuildFile; fileRef = 145436A21F6656C900C618C4 /* ViewController.swift */; };
		145436A61F6656C900C618C4 /* Main.storyboard in Resources */ = {isa = PBXBuildFile; fileRef = 145436A41F6656C900C618C4 /* Main.storyboard */; };
		145436A81F6656C900C618C4 /* Assets.xcassets in Resources */ = {isa = PBXBuildFile; fileRef = 145436A71F6656C900C618C4 /* Assets.xcassets */; };
		145436AB1F6656C900C618C4 /* LaunchScreen.storyboard in Resources */ = {isa = PBXBuildFile; fileRef = 145436A91F6656C900C618C4 /* LaunchScreen.storyboard */; };
/* End PBXBuildFile section */

/* Begin PBXFileReference section */
		1454369D1F6656C900C618C4 /* GitBranchTest02.app */ = {isa = PBXFileReference; explicitFileType = wrapper.application; includeInIndex = 0; path = GitBranchTest02.app; sourceTree = BUILT_PRODUCTS_DIR; };
		145436A01F6656C900C618C4 /* AppDelegate.swift */ = {isa = PBXFileReference; lastKnownFileType = sourcecode.swift; path = AppDelegate.swift; sourceTree = "<group>"; };
		145436A21F6656C900C618C4 /* ViewController.swift */ = {isa = PBXFileReference; lastKnownFileType = sourcecode.swift; path = ViewController.swift; sourceTree = "<group>"; };
		145436A51F6656C900C618C4 /* Base */ = {isa = PBXFileReference; lastKnownFileType = file.storyboard; name = Base; path = Base.lproj/Main.storyboard; sourceTree = "<group>"; };
		145436A71F6656C900C618C4 /* Assets.xcassets */ = {isa = PBXFileReference; lastKnownFileType = folder.assetcatalog; path = Assets.xcassets; sourceTree = "<group>"; };
		145436AA1F6656C900C618C4 /* Base */ = {isa = PBXFileReference; lastKnownFileType = file.storyboard; name = Base; path = Base.lproj/LaunchScreen.storyboard; sourceTree = "<group>"; };
		145436AC1F6656C900C618C4 /* Info.plist */ = {isa = PBXFileReference; lastKnownFileType = text.plist.xml; path = Info.plist; sourceTree = "<group>"; };
/* End PBXFileReference section */

/* Begin PBXFrameworksBuildPhase section */
		1454369A1F6656C900C618C4 /* Frameworks */ = {
			isa = PBXFrameworksBuildPhase;
			buildActionMask = 2147483647;
			files = (
			);
			runOnlyForDeploymentPostprocessing = 0;
		};
/* End PBXFrameworksBuildPhase section */

/* Begin PBXGroup section */
		145436941F6656C900C618C4 = {
			isa = PBXGroup;
			children = (
				1454369F1F6656C900C618C4 /* GitBranchTest02 */,
				1454369E1F6656C900C618C4 /* Products */,
			);
			sourceTree = "<group>";
		};
		1454369E1F6656C900C618C4 /* Products */ = {
			isa = PBXGroup;
			children = (
				1454369D1F6656C900C618C4 /* GitBranchTest02.app */,
			);
			name = Products;
			sourceTree = "<group>";
		};
		1454369F1F6656C900C618C4 /* GitBranchTest02 */ = {
			isa = PBXGroup;
			children = (
				145436A01F6656C900C618C4 /* AppDelegate.swift */,
				145436A21F6656C900C618C4 /* ViewController.swift */,
				145436A41F6656C900C618C4 /* Main.storyboard */,
				145436A71F6656C900C618C4 /* Assets.xcassets */,
				145436A91F6656C900C618C4 /* LaunchScreen.storyboard */,
				145436AC1F6656C900C618C4 /* Info.plist */,
			);
			path = GitBranchTest02;
			sourceTree = "<group>";
		};
/* End PBXGroup section */

/* Begin PBXNativeTarget section */
		1454369C1F6656C900C618C4 /* GitBranchTest02 */ = {
			isa = PBXNativeTarget;
			buildConfigurationList = 145436AF1F6656C900C618C4 /* Build configuration list for PBXNativeTarget "GitBranchTest02" */;
			buildPhases = (
				145436991F6656C900C618C4 /* Sources */,
				1454369A1F6656C900C618C4 /* Frameworks */,
				1454369B1F6656C900C618C4 /* Resources */,
			);
			buildRules = (
			);
			dependencies = (
			);
			name = GitBranchTest02;
			productName = GitBranchTest02;
			productReference = 1454369D1F6656C900C618C4 /* GitBranchTest02.app */;
			productType = "com.apple.product-type.application";
		};
/* End PBXNativeTarget section */

/* Begin PBXProject section */
		145436951F6656C900C618C4 /* Project object */ = {
			isa = PBXProject;
			attributes = {
				LastSwiftUpdateCheck = 0830;
				LastUpgradeCheck = 0830;
				ORGANIZATIONNAME = D7702_10;
				TargetAttributes = {
					1454369C1F6656C900C618C4 = {
						CreatedOnToolsVersion = 8.3.3;
						ProvisioningStyle = Automatic;
					};
				};
			};
			buildConfigurationList = 145436981F6656C900C618C4 /* Build configuration list for PBXProject "GitBranchTest02" */;
			compatibilityVersion = "Xcode 3.2";
			developmentRegion = English;
			hasScannedForEncodings = 0;
			knownRegions = (
				en,
				Base,
			);
			mainGroup = 145436941F6656C900C618C4;
			productRefGroup = 1454369E1F6656C900C618C4 /* Products */;
			projectDirPath = "";
			projectRoot = "";
			targets = (
				1454369C1F6656C900C618C4 /* GitBranchTest02 */,
			);
		};
/* End PBXProject section */

/* Begin PBXResourcesBuildPhase section */
		1454369B1F6656C900C618C4 /* Resources */ = {
			isa = PBXResourcesBuildPhase;
			buildActionMask = 2147483647;
			files = (
				145436AB1F6656C900C618C4 /* LaunchScreen.storyboard in Resources */,
				145436A81F6656C900C618C4 /* Assets.xcassets in Resources */,
				145436A61F6656C900C618C4 /* Main.storyboard in Resources */,
			);
			runOnlyForDeploymentPostprocessing = 0;
		};
/* End PBXResourcesBuildPhase section */

/* Begin PBXSourcesBuildPhase section */
		145436991F6656C900C618C4 /* Sources */ = {
			isa = PBXSourcesBuildPhase;
			buildActionMask = 2147483647;
			files = (
				145436A31F6656C900C618C4 /* ViewController.swift in Sources */,
				145436A11F6656C900C618C4 /* AppDelegate.swift in Sources */,
			);
			runOnlyForDeploymentPostprocessing = 0;
		};
/* End PBXSourcesBuildPhase section */

/* Begin PBXVariantGroup section */
		145436A41F6656C900C618C4 /* Main.storyboard */ = {
			isa = PBXVariantGroup;
			children = (
				145436A51F6656C900C618C4 /* Base */,
			);
			name = Main.storyboard;
			sourceTree = "<group>";
		};
		145436A91F6656C900C618C4 /* LaunchScreen.storyboard */ = {
			isa = PBXVariantGroup;
			children = (
				145436AA1F6656C900C618C4 /* Base */,
			);
			name = LaunchScreen.storyboard;
			sourceTree = "<group>";
		};
/* End PBXVariantGroup section */

/* Begin XCBuildConfiguration section */
		145436AD1F6656C900C618C4 /* Debug */ = {
			isa = XCBuildConfiguration;
			buildSettings = {
				ALWAYS_SEARCH_USER_PATHS = NO;
				CLANG_ANALYZER_NONNULL = YES;
				CLANG_ANALYZER_NUMBER_OBJECT_CONVERSION = YES_AGGRESSIVE;
				CLANG_CXX_LANGUAGE_STANDARD = "gnu++0x";
				CLANG_CXX_LIBRARY = "libc++";
				CLANG_ENABLE_MODULES = YES;
				CLANG_ENABLE_OBJC_ARC = YES;
				CLANG_WARN_BOOL_CONVERSION = YES;
				CLANG_WARN_CONSTANT_CONVERSION = YES;
				CLANG_WARN_DIRECT_OBJC_ISA_USAGE = YES_ERROR;
				CLANG_WARN_DOCUMENTATION_COMMENTS = YES;
				CLANG_WARN_EMPTY_BODY = YES;
				CLANG_WARN_ENUM_CONVERSION = YES;
				CLANG_WARN_INFINITE_RECURSION = YES;
				CLANG_WARN_INT_CONVERSION = YES;
				CLANG_WARN_OBJC_ROOT_CLASS = YES_ERROR;
				CLANG_WARN_SUSPICIOUS_MOVE = YES;
				CLANG_WARN_UNREACHABLE_CODE = YES;
				CLANG_WARN__DUPLICATE_METHOD_MATCH = YES;
				"CODE_SIGN_IDENTITY[sdk=iphoneos*]" = "iPhone Developer";
				COPY_PHASE_STRIP = NO;
				DEBUG_INFORMATION_FORMAT = dwarf;
				ENABLE_STRICT_OBJC_MSGSEND = YES;
				ENABLE_TESTABILITY = YES;
				GCC_C_LANGUAGE_STANDARD = gnu99;
				GCC_DYNAMIC_NO_PIC = NO;
				GCC_NO_COMMON_BLOCKS = YES;
				GCC_OPTIMIZATION_LEVEL = 0;
				GCC_PREPROCESSOR_DEFINITIONS = (
					"DEBUG=1",
					"$(inherited)",
				);
				GCC_WARN_64_TO_32_BIT_CONVERSION = YES;
				GCC_WARN_ABOUT_RETURN_TYPE = YES_ERROR;
				GCC_WARN_UNDECLARED_SELECTOR = YES;
				GCC_WARN_UNINITIALIZED_AUTOS = YES_AGGRESSIVE;
				GCC_WARN_UNUSED_FUNCTION = YES;
				GCC_WARN_UNUSED_VARIABLE = YES;
				IPHONEOS_DEPLOYMENT_TARGET = 10.3;
				MTL_ENABLE_DEBUG_INFO = YES;
				ONLY_ACTIVE_ARCH = YES;
				SDKROOT = iphoneos;
				SWIFT_ACTIVE_COMPILATION_CONDITIONS = DEBUG;
				SWIFT_OPTIMIZATION_LEVEL = "-Onone";
			};
			name = Debug;
		};
		145436AE1F6656C900C618C4 /* Release */ = {
			isa = XCBuildConfiguration;
			buildSettings = {
				ALWAYS_SEARCH_USER_PATHS = NO;
				CLANG_ANALYZER_NONNULL = YES;
				CLANG_ANALYZER_NUMBER_OBJECT_CONVERSION = YES_AGGRESSIVE;
				CLANG_CXX_LANGUAGE_STANDARD = "gnu++0x";
				CLANG_CXX_LIBRARY = "libc++";
				CLANG_ENABLE_MODULES = YES;
				CLANG_ENABLE_OBJC_ARC = YES;
				CLANG_WARN_BOOL_CONVERSION = YES;
				CLANG_WARN_CONSTANT_CONVERSION = YES;
				CLANG_WARN_DIRECT_OBJC_ISA_USAGE = YES_ERROR;
				CLANG_WARN_DOCUMENTATION_COMMENTS = YES;
				CLANG_WARN_EMPTY_BODY = YES;
				CLANG_WARN_ENUM_CONVERSION = YES;
				CLANG_WARN_INFINITE_RECURSION = YES;
				CLANG_WARN_INT_CONVERSION = YES;
				CLANG_WARN_OBJC_ROOT_CLASS = YES_ERROR;
				CLANG_WARN_SUSPICIOUS_MOVE = YES;
				CLANG_WARN_UNREACHABLE_CODE = YES;
				CLANG_WARN__DUPLICATE_METHOD_MATCH = YES;
				"CODE_SIGN_IDENTITY[sdk=iphoneos*]" = "iPhone Developer";
				COPY_PHASE_STRIP = NO;
				DEBUG_INFORMATION_FORMAT = "dwarf-with-dsym";
				ENABLE_NS_ASSERTIONS = NO;
				ENABLE_STRICT_OBJC_MSGSEND = YES;
				GCC_C_LANGUAGE_STANDARD = gnu99;
				GCC_NO_COMMON_BLOCKS = YES;
				GCC_WARN_64_TO_32_BIT_CONVERSION = YES;
				GCC_WARN_ABOUT_RETURN_TYPE = YES_ERROR;
				GCC_WARN_UNDECLARED_SELECTOR = YES;
				GCC_WARN_UNINITIALIZED_AUTOS = YES_AGGRESSIVE;
				GCC_WARN_UNUSED_FUNCTION = YES;
				GCC_WARN_UNUSED_VARIABLE = YES;
				IPHONEOS_DEPLOYMENT_TARGET = 10.3;
				MTL_ENABLE_DEBUG_INFO = NO;
				SDKROOT = iphoneos;
				SWIFT_OPTIMIZATION_LEVEL = "-Owholemodule";
				VALIDATE_PRODUCT = YES;
			};
			name = Release;
		};
		145436B01F6656C900C618C4 /* Debug */ = {
			isa = XCBuildConfiguration;
			buildSettings = {
				ASSETCATALOG_COMPILER_APPICON_NAME = AppIcon;
				INFOPLIST_FILE = GitBranchTest02/Info.plist;
				LD_RUNPATH_SEARCH_PATHS = "$(inherited) @executable_path/Frameworks";
				PRODUCT_BUNDLE_IDENTIFIER = kr.dit.ditapps.GitBranchTest02;
				PRODUCT_NAME = "$(TARGET_NAME)";
				SWIFT_VERSION = 3.0;
			};
			name = Debug;
		};
		145436B11F6656C900C618C4 /* Release */ = {
			isa = XCBuildConfiguration;
			buildSettings = {
				ASSETCATALOG_COMPILER_APPICON_NAME = AppIcon;
				INFOPLIST_FILE = GitBranchTest02/Info.plist;
				LD_RUNPATH_SEARCH_PATHS = "$(inherited) @executable_path/Frameworks";
				PRODUCT_BUNDLE_IDENTIFIER = kr.dit.ditapps.GitBranchTest02;
				PRODUCT_NAME = "$(TARGET_NAME)";
				SWIFT_VERSION = 3.0;
			};
			name = Release;
		};
/* End XCBuildConfiguration section */

/* Begin XCConfigurationList section */
		145436981F6656C900C618C4 /* Build configuration list for PBXProject "GitBranchTest02" */ = {
			isa = XCConfigurationList;
			buildConfigurations = (
				145436AD1F6656C900C618C4 /* Debug */,
				145436AE1F6656C900C618C4 /* Release */,
			);
			defaultConfigurationIsVisible = 0;
			defaultConfigurationName = Release;
		};
		145436AF1F6656C900C618C4 /* Build configuration list for PBXNativeTarget "GitBranchTest02" */ = {
			isa = XCConfigurationList;
			buildConfigurations = (
				145436B01F6656C900C618C4 /* Debug */,
				145436B11F6656C900C618C4 /* Release */,
			);
			defaultConfigurationIsVisible = 0;
		};
/* End XCConfigurationList section */
	};
	rootObject = 145436951F6656C900C618C4 /* Project object */;
}
